
Microsoft Visual Studio Solution File, Format Version 12.00
# Visual Studio Version 17
VisualStudioVersion = 17.1.32407.343
MinimumVisualStudioVersion = 10.0.40219.1
Project("{FAE04EC0-301F-11D3-BF4B-00C04F79EFBC}") = "PlayingCard", "PlayingCard\PlayingCard.csproj", "{96E86AB9-29F1-4F29-A847-F3C7B59EFF44}"
EndProject
Global
	GlobalSection(SolutionConfigurationPlatforms) = preSolution
		Debug|Any CPU = Debug|Any CPU
		Release|Any CPU = Release|Any CPU
	EndGlobalSection
	GlobalSection(ProjectConfigurationPlatforms) = postSolution
		{96E86AB9-29F1-4F29-A847-F3C7B59EFF44}.Debug|Any CPU.ActiveCfg = Debug|Any CPU
		{96E86AB9-29F1-4F29-A847-F3C7B59EFF44}.Debug|Any CPU.Build.0 = Debug|Any CPU
		{96E86AB9-29F1-4F29-A847-F3C7B59EFF44}.Release|Any CPU.ActiveCfg = Release|Any CPU
		{96E86AB9-29F1-4F29-A847-F3C7B59EFF44}.Release|Any CPU.Build.0 = Release|Any CPU
	EndGlobalSection
	GlobalSection(SolutionProperties) = preSolution
		HideSolutionNode = FALSE
	EndGlobalSection
	GlobalSection(ExtensibilityGlobals) = postSolution
		SolutionGuid = {0910D7A7-BA92-4843-82B8-88E73165B7F4}
	EndGlobalSection
EndGlobal
